
Microsoft Visual Studio Solution File, Format Version 12.00
# Visual Studio Version 17
VisualStudioVersion = 17.13.35931.197 d17.13
MinimumVisualStudioVersion = 10.0.40219.1
Project("{2150E333-8FDC-42A3-9474-1A3956D46DE8}") = "src", "src", "{02EA681E-C7D8-13C7-8484-4AC65E1B71E8}"
EndProject
Project("{2150E333-8FDC-42A3-9474-1A3956D46DE8}") = "tests", "tests", "{85E2C2E6-EA51-4C5B-894F-E221C83333CE}"
EndProject
Project("{2150E333-8FDC-42A3-9474-1A3956D46DE8}") = "Contratos", "Contratos", "{2EC3061A-1641-489F-81FE-FA49623FFC7B}"
EndProject
Project("{2150E333-8FDC-42A3-9474-1A3956D46DE8}") = "Data", "Data", "{D33A18F1-3562-4BE2-AFB0-AD7BE3AD557C}"
EndProject
Project("{2150E333-8FDC-42A3-9474-1A3956D46DE8}") = "Negocio", "Negocio", "{5336A15C-EF70-409F-90C6-AC3C12D92CAF}"
EndProject
Project("{2150E333-8FDC-42A3-9474-1A3956D46DE8}") = "Servicios", "Servicios", "{423DF076-D7F5-4594-A677-4BEA1C1252E9}"
EndProject
Project("{FAE04EC0-301F-11D3-BF4B-00C04F79EFBC}") = "Meso.CBL.Certificaciones", "Meso.CBL.Certificaciones\Meso.CBL.Certificaciones.csproj", "{6969C2DF-AF49-47AB-AD7E-3A3E1F41ED7F}"
EndProject
Project("{FAE04EC0-301F-11D3-BF4B-00C04F79EFBC}") = "Meso.CSV.Certificaciones", "Meso.CSV.Certificaciones\Meso.CSV.Certificaciones.csproj", "{BA8FAF1A-D3EB-4FE3-ACE9-139FE6F45C9D}"
EndProject
Project("{FAE04EC0-301F-11D3-BF4B-00C04F79EFBC}") = "Meso.DAL.Certificaciones", "Meso.DAL.Certificaciones\Meso.DAL.Certificaciones.csproj", "{1CC8566B-54B3-4233-A0AC-439562DAA00D}"
EndProject
Project("{FAE04EC0-301F-11D3-BF4B-00C04F79EFBC}") = "Meso.DTO.Certificaciones", "Meso.DTO.Certificaciones\Meso.DTO.Certificaciones.csproj", "{F75028CA-ADA1-4D45-81F2-264241F0712D}"
EndProject
Project("{FAE04EC0-301F-11D3-BF4B-00C04F79EFBC}") = "Meso.BLL.Certificaciones", "Meso.BLL.Certificaciones\Meso.BLL.Certificaciones.csproj", "{3C8E7766-5BFE-4506-BC9A-E1AADAEC4810}"
EndProject
Project("{FAE04EC0-301F-11D3-BF4B-00C04F79EFBC}") = "Meso.BSV.Certificaciones", "Meso.BSV.Certificaciones\Meso.BSV.Certificaciones.csproj", "{2DFA9B03-2C10-4036-A85E-E2D89E3A4248}"
EndProject
Project("{FAE04EC0-301F-11D3-BF4B-00C04F79EFBC}") = "Meso.SVL.Certificaciones", "Meso.SVL.Certificaciones\Meso.SVL.Certificaciones.csproj", "{193C10B8-4FEB-4CD1-AA82-414D96A9B6A3}"
EndProject
Project("{FAE04EC0-301F-11D3-BF4B-00C04F79EFBC}") = "Meso.TESTS.Certificaciones", "Meso.TESTS.Certificaciones\Meso.TESTS.Certificaciones.csproj", "{2949FFA7-154E-4CCE-A957-60A6FEC31E2C}"
EndProject
Global
	GlobalSection(SolutionConfigurationPlatforms) = preSolution
		Debug|Any CPU = Debug|Any CPU
		Release|Any CPU = Release|Any CPU
	EndGlobalSection
	GlobalSection(ProjectConfigurationPlatforms) = postSolution
		{6969C2DF-AF49-47AB-AD7E-3A3E1F41ED7F}.Debug|Any CPU.ActiveCfg = Debug|Any CPU
		{6969C2DF-AF49-47AB-AD7E-3A3E1F41ED7F}.Debug|Any CPU.Build.0 = Debug|Any CPU
		{6969C2DF-AF49-47AB-AD7E-3A3E1F41ED7F}.Release|Any CPU.ActiveCfg = Release|Any CPU
		{6969C2DF-AF49-47AB-AD7E-3A3E1F41ED7F}.Release|Any CPU.Build.0 = Release|Any CPU
		{BA8FAF1A-D3EB-4FE3-ACE9-139FE6F45C9D}.Debug|Any CPU.ActiveCfg = Debug|Any CPU
		{BA8FAF1A-D3EB-4FE3-ACE9-139FE6F45C9D}.Debug|Any CPU.Build.0 = Debug|Any CPU
		{BA8FAF1A-D3EB-4FE3-ACE9-139FE6F45C9D}.Release|Any CPU.ActiveCfg = Release|Any CPU
		{BA8FAF1A-D3EB-4FE3-ACE9-139FE6F45C9D}.Release|Any CPU.Build.0 = Release|Any CPU
		{1CC8566B-54B3-4233-A0AC-439562DAA00D}.Debug|Any CPU.ActiveCfg = Debug|Any CPU
		{1CC8566B-54B3-4233-A0AC-439562DAA00D}.Debug|Any CPU.Build.0 = Debug|Any CPU
		{1CC8566B-54B3-4233-A0AC-439562DAA00D}.Release|Any CPU.ActiveCfg = Release|Any CPU
		{1CC8566B-54B3-4233-A0AC-439562DAA00D}.Release|Any CPU.Build.0 = Release|Any CPU
		{F75028CA-ADA1-4D45-81F2-264241F0712D}.Debug|Any CPU.ActiveCfg = Debug|Any CPU
		{F75028CA-ADA1-4D45-81F2-264241F0712D}.Debug|Any CPU.Build.0 = Debug|Any CPU
		{F75028CA-ADA1-4D45-81F2-264241F0712D}.Release|Any CPU.ActiveCfg = Release|Any CPU
		{F75028CA-ADA1-4D45-81F2-264241F0712D}.Release|Any CPU.Build.0 = Release|Any CPU
		{3C8E7766-5BFE-4506-BC9A-E1AADAEC4810}.Debug|Any CPU.ActiveCfg = Debug|Any CPU
		{3C8E7766-5BFE-4506-BC9A-E1AADAEC4810}.Debug|Any CPU.Build.0 = Debug|Any CPU
		{3C8E7766-5BFE-4506-BC9A-E1AADAEC4810}.Release|Any CPU.ActiveCfg = Release|Any CPU
		{3C8E7766-5BFE-4506-BC9A-E1AADAEC4810}.Release|Any CPU.Build.0 = Release|Any CPU
		{2DFA9B03-2C10-4036-A85E-E2D89E3A4248}.Debug|Any CPU.ActiveCfg = Debug|Any CPU
		{2DFA9B03-2C10-4036-A85E-E2D89E3A4248}.Debug|Any CPU.Build.0 = Debug|Any CPU
		{2DFA9B03-2C10-4036-A85E-E2D89E3A4248}.Release|Any CPU.ActiveCfg = Release|Any CPU
		{2DFA9B03-2C10-4036-A85E-E2D89E3A4248}.Release|Any CPU.Build.0 = Release|Any CPU
		{193C10B8-4FEB-4CD1-AA82-414D96A9B6A3}.Debug|Any CPU.ActiveCfg = Debug|Any CPU
		{193C10B8-4FEB-4CD1-AA82-414D96A9B6A3}.Debug|Any CPU.Build.0 = Debug|Any CPU
		{193C10B8-4FEB-4CD1-AA82-414D96A9B6A3}.Release|Any CPU.ActiveCfg = Release|Any CPU
		{193C10B8-4FEB-4CD1-AA82-414D96A9B6A3}.Release|Any CPU.Build.0 = Release|Any CPU
		{2949FFA7-154E-4CCE-A957-60A6FEC31E2C}.Debug|Any CPU.ActiveCfg = Debug|Any CPU
		{2949FFA7-154E-4CCE-A957-60A6FEC31E2C}.Debug|Any CPU.Build.0 = Debug|Any CPU
		{2949FFA7-154E-4CCE-A957-60A6FEC31E2C}.Release|Any CPU.ActiveCfg = Release|Any CPU
		{2949FFA7-154E-4CCE-A957-60A6FEC31E2C}.Release|Any CPU.Build.0 = Release|Any CPU
	EndGlobalSection
	GlobalSection(SolutionProperties) = preSolution
		HideSolutionNode = FALSE
	EndGlobalSection
	GlobalSection(NestedProjects) = preSolution
		{2EC3061A-1641-489F-81FE-FA49623FFC7B} = {02EA681E-C7D8-13C7-8484-4AC65E1B71E8}
		{D33A18F1-3562-4BE2-AFB0-AD7BE3AD557C} = {02EA681E-C7D8-13C7-8484-4AC65E1B71E8}
		{5336A15C-EF70-409F-90C6-AC3C12D92CAF} = {02EA681E-C7D8-13C7-8484-4AC65E1B71E8}
		{423DF076-D7F5-4594-A677-4BEA1C1252E9} = {02EA681E-C7D8-13C7-8484-4AC65E1B71E8}
		{6969C2DF-AF49-47AB-AD7E-3A3E1F41ED7F} = {2EC3061A-1641-489F-81FE-FA49623FFC7B}
		{BA8FAF1A-D3EB-4FE3-ACE9-139FE6F45C9D} = {2EC3061A-1641-489F-81FE-FA49623FFC7B}
		{1CC8566B-54B3-4233-A0AC-439562DAA00D} = {D33A18F1-3562-4BE2-AFB0-AD7BE3AD557C}
		{F75028CA-ADA1-4D45-81F2-264241F0712D} = {D33A18F1-3562-4BE2-AFB0-AD7BE3AD557C}
		{3C8E7766-5BFE-4506-BC9A-E1AADAEC4810} = {5336A15C-EF70-409F-90C6-AC3C12D92CAF}
		{2DFA9B03-2C10-4036-A85E-E2D89E3A4248} = {423DF076-D7F5-4594-A677-4BEA1C1252E9}
		{193C10B8-4FEB-4CD1-AA82-414D96A9B6A3} = {423DF076-D7F5-4594-A677-4BEA1C1252E9}
		{2949FFA7-154E-4CCE-A957-60A6FEC31E2C} = {85E2C2E6-EA51-4C5B-894F-E221C83333CE}
	EndGlobalSection
	GlobalSection(ExtensibilityGlobals) = postSolution
		SolutionGuid = {69111544-ACA8-4BEF-9B61-B4AD9C63E336}
	EndGlobalSection
EndGlobal
